// !$*UTF8*$!
{
	archiveVersion = 1;
	classes = {
	};
	objectVersion = 56;
	objects = {

/* Begin PBXBuildFile section */
		811917762EA9F86800F60816 /* NoteListViewModelContract.swift in Sources */ = {isa = PBXBuildFile; fileRef = 811917752EA9F86800F60816 /* NoteListViewModelContract.swift */; };
		8133DA472EA3AAD500FA14FE /* AppCoordinator.swift in Sources */ = {isa = PBXBuildFile; fileRef = 8133DA462EA3AAD500FA14FE /* AppCoordinator.swift */; };
		81457DBE2EACA07B008371C6 /* SaveNoteUsecase.swift in Sources */ = {isa = PBXBuildFile; fileRef = 81457DBD2EACA07B008371C6 /* SaveNoteUsecase.swift */; };
		81457DC02EACA62F008371C6 /* NoteDetailViewModelContract.swift in Sources */ = {isa = PBXBuildFile; fileRef = 81457DBF2EACA62F008371C6 /* NoteDetailViewModelContract.swift */; };
		81457DC22EACA669008371C6 /* NoteDetailViewModel.swift in Sources */ = {isa = PBXBuildFile; fileRef = 81457DC12EACA669008371C6 /* NoteDetailViewModel.swift */; };
		81457DC62EACCB73008371C6 /* DeleteNoteUsecase.swift in Sources */ = {isa = PBXBuildFile; fileRef = 81457DC52EACCB73008371C6 /* DeleteNoteUsecase.swift */; };
		81457DC82EACD06A008371C6 /* NoteDatabaseServiceContract.swift in Sources */ = {isa = PBXBuildFile; fileRef = 81457DC72EACD06A008371C6 /* NoteDatabaseServiceContract.swift */; };
		81457DCA2EACD0A5008371C6 /* NoteNetworkServiceContract.swift in Sources */ = {isa = PBXBuildFile; fileRef = 81457DC92EACD0A5008371C6 /* NoteNetworkServiceContract.swift */; };
		8182EF0F2EA10CC30094235D /* Logger.swift in Sources */ = {isa = PBXBuildFile; fileRef = 8182EF0E2EA10CC30094235D /* Logger.swift */; };
		81A3F80B2EA0F5CE00C29EC5 /* Assets.xcassets in Resources */ = {isa = PBXBuildFile; fileRef = 81A3F80A2EA0F5CE00C29EC5 /* Assets.xcassets */; };
		81A3F80E2EA0F5CE00C29EC5 /* Base in Resources */ = {isa = PBXBuildFile; fileRef = 81A3F80D2EA0F5CE00C29EC5 /* Base */; };
		81A3F8172EA0F60C00C29EC5 /* SceneDelegate.swift in Sources */ = {isa = PBXBuildFile; fileRef = 81A3F8152EA0F60C00C29EC5 /* SceneDelegate.swift */; };
		81A3F8182EA0F60C00C29EC5 /* AppDelegate.swift in Sources */ = {isa = PBXBuildFile; fileRef = 81A3F8162EA0F60C00C29EC5 /* AppDelegate.swift */; };
		81A3F81A2EA0F61900C29EC5 /* Assembler.swift in Sources */ = {isa = PBXBuildFile; fileRef = 81A3F8192EA0F61900C29EC5 /* Assembler.swift */; };
		81A3F8202EA0F62D00C29EC5 /* NoteRepository.swift in Sources */ = {isa = PBXBuildFile; fileRef = 81A3F81B2EA0F62D00C29EC5 /* NoteRepository.swift */; };
		81A3F8212EA0F62D00C29EC5 /* CoreDataService.swift in Sources */ = {isa = PBXBuildFile; fileRef = 81A3F81C2EA0F62D00C29EC5 /* CoreDataService.swift */; };
		81A3F8232EA0F62D00C29EC5 /* NoteNetworkService.swift in Sources */ = {isa = PBXBuildFile; fileRef = 81A3F81E2EA0F62D00C29EC5 /* NoteNetworkService.swift */; };
		81A3F8242EA0F62D00C29EC5 /* NoteDatabaseService.swift in Sources */ = {isa = PBXBuildFile; fileRef = 81A3F81F2EA0F62D00C29EC5 /* NoteDatabaseService.swift */; };
		81A3F82B2EA0F63E00C29EC5 /* ParentUsecase.swift in Sources */ = {isa = PBXBuildFile; fileRef = 81A3F8252EA0F63E00C29EC5 /* ParentUsecase.swift */; };
		81A3F82C2EA0F63E00C29EC5 /* GetNoteListUsecase.swift in Sources */ = {isa = PBXBuildFile; fileRef = 81A3F8262EA0F63E00C29EC5 /* GetNoteListUsecase.swift */; };
		81A3F8322EA0F65200C29EC5 /* Note.swift in Sources */ = {isa = PBXBuildFile; fileRef = 81A3F8312EA0F65200C29EC5 /* Note.swift */; };
		81A3F8362EA0F66800C29EC5 /* NoteListViewController.swift in Sources */ = {isa = PBXBuildFile; fileRef = 81A3F8332EA0F66800C29EC5 /* NoteListViewController.swift */; };
		81A3F8372EA0F66800C29EC5 /* NoteListViewModel.swift in Sources */ = {isa = PBXBuildFile; fileRef = 81A3F8342EA0F66800C29EC5 /* NoteListViewModel.swift */; };
		81A3F8422EA1020900C29EC5 /* NotePresentationModel.swift in Sources */ = {isa = PBXBuildFile; fileRef = 81A3F8412EA1020900C29EC5 /* NotePresentationModel.swift */; };
		81B3314E2EA8A9220061B160 /* NoteDetailViewController.swift in Sources */ = {isa = PBXBuildFile; fileRef = 81B3314D2EA8A9220061B160 /* NoteDetailViewController.swift */; };
		81B331532EA8C5C00061B160 /* UITableView+Extension.swift in Sources */ = {isa = PBXBuildFile; fileRef = 81B331522EA8C5C00061B160 /* UITableView+Extension.swift */; };
		81B331572EA8C6FE0061B160 /* NoteListViewController.xib in Resources */ = {isa = PBXBuildFile; fileRef = 81B331552EA8C6FE0061B160 /* NoteListViewController.xib */; };
		81B3315A2EA8C8390061B160 /* NoteTableViewCell.swift in Sources */ = {isa = PBXBuildFile; fileRef = 81B331582EA8C8390061B160 /* NoteTableViewCell.swift */; };
		81B3315B2EA8C8390061B160 /* NoteTableViewCell.xib in Resources */ = {isa = PBXBuildFile; fileRef = 81B331592EA8C8390061B160 /* NoteTableViewCell.xib */; };
		81B3315F2EA8DB520061B160 /* NoteDetailViewController.xib in Resources */ = {isa = PBXBuildFile; fileRef = 81B3315D2EA8DB520061B160 /* NoteDetailViewController.xib */; };
		81B331632EA8F3240061B160 /* UITextView+Extension.swift in Sources */ = {isa = PBXBuildFile; fileRef = 81B331622EA8F3240061B160 /* UITextView+Extension.swift */; };
		81D898792EAF5F1E003FE2C3 /* AssemblerContract.swift in Sources */ = {isa = PBXBuildFile; fileRef = 81D898782EAF5F1E003FE2C3 /* AssemblerContract.swift */; };
		DA0E3D132EF2543200F1FA5D /* NoteRepositoryContract.swift in Sources */ = {isa = PBXBuildFile; fileRef = DA0E3D122EF2543200F1FA5D /* NoteRepositoryContract.swift */; };
		DA15FC752ED6C1F600422DAD /* UIViewController+Extension.swift in Sources */ = {isa = PBXBuildFile; fileRef = DA15FC742ED6C1F600422DAD /* UIViewController+Extension.swift */; };
		DA6C87CE2FE997C300702073 /* NoteLocalDTO.swift in Sources */ = {isa = PBXBuildFile; fileRef = DA6C87CC2FE997C300702073 /* NoteLocalDTO.swift */; };
		DA6C87D12FE997C600702073 /* NoteRemoteDTO.swift in Sources */ = {isa = PBXBuildFile; fileRef = DA6C87CF2FE997C600702073 /* NoteRemoteDTO.swift */; };
		DA6C87D32FE997D700702073 /* NoteRemoteMapper.swift in Sources */ = {isa = PBXBuildFile; fileRef = DA6C87D22FE997D700702073 /* NoteRemoteMapper.swift */; };
		DA6C87D52FE997E000702073 /* NoteLocalMapper.swift in Sources */ = {isa = PBXBuildFile; fileRef = DA6C87D42FE997E000702073 /* NoteLocalMapper.swift */; };
		DA6C87D72FE997E800702073 /* NoteEntityMapper.swift in Sources */ = {isa = PBXBuildFile; fileRef = DA6C87D62FE997E800702073 /* NoteEntityMapper.swift */; };
		DA6C87D92FE99A1700702073 /* NoteListViewState.swift in Sources */ = {isa = PBXBuildFile; fileRef = DA6C87D82FE99A1700702073 /* NoteListViewState.swift */; };
		DA6C87DB2FE99A3500702073 /* NoteDetailViewState.swift in Sources */ = {isa = PBXBuildFile; fileRef = DA6C87DA2FE99A3500702073 /* NoteDetailViewState.swift */; };
		DAD2B6062ED4E3C5004B483D /* Date+Extension.swift in Sources */ = {isa = PBXBuildFile; fileRef = DAD2B6052ED4E3C5004B483D /* Date+Extension.swift */; };
		DAD2B60C2ED5AD58004B483D /* String+Extension.swift in Sources */ = {isa = PBXBuildFile; fileRef = DAD2B60B2ED5AD58004B483D /* String+Extension.swift */; };
		DAD2B6222ED60759004B483D /* CleanNotes.xcdatamodeld in Sources */ = {isa = PBXBuildFile; fileRef = DAD2B6202ED60759004B483D /* CleanNotes.xcdatamodeld */; };
		DAD2B6252ED6078A004B483D /* NoteEntity+CoreDataClass.swift in Sources */ = {isa = PBXBuildFile; fileRef = DAD2B6232ED6078A004B483D /* NoteEntity+CoreDataClass.swift */; };
		DAD2B6262ED6078A004B483D /* NoteEntity+CoreDataProperties.swift in Sources */ = {isa = PBXBuildFile; fileRef = DAD2B6242ED6078A004B483D /* NoteEntity+CoreDataProperties.swift */; };
/* End PBXBuildFile section */

/* Begin PBXFileReference section */
		811917752EA9F86800F60816 /* NoteListViewModelContract.swift */ = {isa = PBXFileReference; lastKnownFileType = sourcecode.swift; path = NoteListViewModelContract.swift; sourceTree = "<group>"; };
		8133DA462EA3AAD500FA14FE /* AppCoordinator.swift */ = {isa = PBXFileReference; lastKnownFileType = sourcecode.swift; path = AppCoordinator.swift; sourceTree = "<group>"; };
		81457DBD2EACA07B008371C6 /* SaveNoteUsecase.swift */ = {isa = PBXFileReference; lastKnownFileType = sourcecode.swift; path = SaveNoteUsecase.swift; sourceTree = "<group>"; };
		81457DBF2EACA62F008371C6 /* NoteDetailViewModelContract.swift */ = {isa = PBXFileReference; lastKnownFileType = sourcecode.swift; path = NoteDetailViewModelContract.swift; sourceTree = "<group>"; };
		81457DC12EACA669008371C6 /* NoteDetailViewModel.swift */ = {isa = PBXFileReference; lastKnownFileType = sourcecode.swift; path = NoteDetailViewModel.swift; sourceTree = "<group>"; };
		81457DC52EACCB73008371C6 /* DeleteNoteUsecase.swift */ = {isa = PBXFileReference; lastKnownFileType = sourcecode.swift; path = DeleteNoteUsecase.swift; sourceTree = "<group>"; };
		81457DC72EACD06A008371C6 /* NoteDatabaseServiceContract.swift */ = {isa = PBXFileReference; lastKnownFileType = sourcecode.swift; path = NoteDatabaseServiceContract.swift; sourceTree = "<group>"; };
		81457DC92EACD0A5008371C6 /* NoteNetworkServiceContract.swift */ = {isa = PBXFileReference; lastKnownFileType = sourcecode.swift; path = NoteNetworkServiceContract.swift; sourceTree = "<group>"; };
		8182EF0E2EA10CC30094235D /* Logger.swift */ = {isa = PBXFileReference; lastKnownFileType = sourcecode.swift; path = Logger.swift; sourceTree = "<group>"; };
		81A3F7FB2EA0F5CD00C29EC5 /* CleanNotes.app */ = {isa = PBXFileReference; explicitFileType = wrapper.application; includeInIndex = 0; path = CleanNotes.app; sourceTree = BUILT_PRODUCTS_DIR; };
		81A3F80A2EA0F5CE00C29EC5 /* Assets.xcassets */ = {isa = PBXFileReference; lastKnownFileType = folder.assetcatalog; path = Assets.xcassets; sourceTree = "<group>"; };
		81A3F80D2EA0F5CE00C29EC5 /* Base */ = {isa = PBXFileReference; lastKnownFileType = file.storyboard; name = Base; path = Base.lproj/LaunchScreen.storyboard; sourceTree = "<group>"; };
		81A3F80F2EA0F5CE00C29EC5 /* Info.plist */ = {isa = PBXFileReference; lastKnownFileType = text.plist.xml; path = Info.plist; sourceTree = "<group>"; };
		81A3F8152EA0F60C00C29EC5 /* SceneDelegate.swift */ = {isa = PBXFileReference; fileEncoding = 4; lastKnownFileType = sourcecode.swift; path = SceneDelegate.swift; sourceTree = "<group>"; };
		81A3F8162EA0F60C00C29EC5 /* AppDelegate.swift */ = {isa = PBXFileReference; fileEncoding = 4; lastKnownFileType = sourcecode.swift; path = AppDelegate.swift; sourceTree = "<group>"; };
		81A3F8192EA0F61900C29EC5 /* Assembler.swift */ = {isa = PBXFileReference; fileEncoding = 4; lastKnownFileType = sourcecode.swift; path = Assembler.swift; sourceTree = "<group>"; };
		81A3F81B2EA0F62D00C29EC5 /* NoteRepository.swift */ = {isa = PBXFileReference; fileEncoding = 4; lastKnownFileType = sourcecode.swift; path = NoteRepository.swift; sourceTree = "<group>"; };
		81A3F81C2EA0F62D00C29EC5 /* CoreDataService.swift */ = {isa = PBXFileReference; fileEncoding = 4; lastKnownFileType = sourcecode.swift; path = CoreDataService.swift; sourceTree = "<group>"; };
		81A3F81E2EA0F62D00C29EC5 /* NoteNetworkService.swift */ = {isa = PBXFileReference; fileEncoding = 4; lastKnownFileType = sourcecode.swift; path = NoteNetworkService.swift; sourceTree = "<group>"; };
		81A3F81F2EA0F62D00C29EC5 /* NoteDatabaseService.swift */ = {isa = PBXFileReference; fileEncoding = 4; lastKnownFileType = sourcecode.swift; path = NoteDatabaseService.swift; sourceTree = "<group>"; };
		81A3F8252EA0F63E00C29EC5 /* ParentUsecase.swift */ = {isa = PBXFileReference; fileEncoding = 4; lastKnownFileType = sourcecode.swift; path = ParentUsecase.swift; sourceTree = "<group>"; };
		81A3F8262EA0F63E00C29EC5 /* GetNoteListUsecase.swift */ = {isa = PBXFileReference; fileEncoding = 4; lastKnownFileType = sourcecode.swift; path = GetNoteListUsecase.swift; sourceTree = "<group>"; };
		81A3F8312EA0F65200C29EC5 /* Note.swift */ = {isa = PBXFileReference; fileEncoding = 4; lastKnownFileType = sourcecode.swift; path = Note.swift; sourceTree = "<group>"; };
		81A3F8332EA0F66800C29EC5 /* NoteListViewController.swift */ = {isa = PBXFileReference; fileEncoding = 4; lastKnownFileType = sourcecode.swift; path = NoteListViewController.swift; sourceTree = "<group>"; };
		81A3F8342EA0F66800C29EC5 /* NoteListViewModel.swift */ = {isa = PBXFileReference; fileEncoding = 4; lastKnownFileType = sourcecode.swift; path = NoteListViewModel.swift; sourceTree = "<group>"; };
		81A3F8412EA1020900C29EC5 /* NotePresentationModel.swift */ = {isa = PBXFileReference; lastKnownFileType = sourcecode.swift; path = NotePresentationModel.swift; sourceTree = "<group>"; };
		81B3314D2EA8A9220061B160 /* NoteDetailViewController.swift */ = {isa = PBXFileReference; lastKnownFileType = sourcecode.swift; path = NoteDetailViewController.swift; sourceTree = "<group>"; };
		81B331522EA8C5C00061B160 /* UITableView+Extension.swift */ = {isa = PBXFileReference; lastKnownFileType = sourcecode.swift; path = "UITableView+Extension.swift"; sourceTree = "<group>"; };
		81B331552EA8C6FE0061B160 /* NoteListViewController.xib */ = {isa = PBXFileReference; lastKnownFileType = file.xib; path = NoteListViewController.xib; sourceTree = "<group>"; };
		81B331582EA8C8390061B160 /* NoteTableViewCell.swift */ = {isa = PBXFileReference; lastKnownFileType = sourcecode.swift; path = NoteTableViewCell.swift; sourceTree = "<group>"; };
		81B331592EA8C8390061B160 /* NoteTableViewCell.xib */ = {isa = PBXFileReference; lastKnownFileType = file.xib; path = NoteTableViewCell.xib; sourceTree = "<group>"; };
		81B3315D2EA8DB520061B160 /* NoteDetailViewController.xib */ = {isa = PBXFileReference; lastKnownFileType = file.xib; path = NoteDetailViewController.xib; sourceTree = "<group>"; };
		81B331622EA8F3240061B160 /* UITextView+Extension.swift */ = {isa = PBXFileReference; lastKnownFileType = sourcecode.swift; path = "UITextView+Extension.swift"; sourceTree = "<group>"; };
		81D898782EAF5F1E003FE2C3 /* AssemblerContract.swift */ = {isa = PBXFileReference; lastKnownFileType = sourcecode.swift; path = AssemblerContract.swift; sourceTree = "<group>"; };
		DA0E3D122EF2543200F1FA5D /* NoteRepositoryContract.swift */ = {isa = PBXFileReference; lastKnownFileType = sourcecode.swift; path = NoteRepositoryContract.swift; sourceTree = "<group>"; };
		DA15FC742ED6C1F600422DAD /* UIViewController+Extension.swift */ = {isa = PBXFileReference; lastKnownFileType = sourcecode.swift; path = "UIViewController+Extension.swift"; sourceTree = "<group>"; };
		DA6C87CC2FE997C300702073 /* NoteLocalDTO.swift */ = {isa = PBXFileReference; lastKnownFileType = sourcecode.swift; path = NoteLocalDTO.swift; sourceTree = "<group>"; };
		DA6C87CF2FE997C600702073 /* NoteRemoteDTO.swift */ = {isa = PBXFileReference; lastKnownFileType = sourcecode.swift; path = NoteRemoteDTO.swift; sourceTree = "<group>"; };
		DA6C87D22FE997D700702073 /* NoteRemoteMapper.swift */ = {isa = PBXFileReference; lastKnownFileType = sourcecode.swift; path = NoteRemoteMapper.swift; sourceTree = "<group>"; };
		DA6C87D42FE997E000702073 /* NoteLocalMapper.swift */ = {isa = PBXFileReference; lastKnownFileType = sourcecode.swift; path = NoteLocalMapper.swift; sourceTree = "<group>"; };
		DA6C87D62FE997E800702073 /* NoteEntityMapper.swift */ = {isa = PBXFileReference; lastKnownFileType = sourcecode.swift; path = NoteEntityMapper.swift; sourceTree = "<group>"; };
		DA6C87D82FE99A1700702073 /* NoteListViewState.swift */ = {isa = PBXFileReference; lastKnownFileType = sourcecode.swift; path = NoteListViewState.swift; sourceTree = "<group>"; };
		DA6C87DA2FE99A3500702073 /* NoteDetailViewState.swift */ = {isa = PBXFileReference; lastKnownFileType = sourcecode.swift; path = NoteDetailViewState.swift; sourceTree = "<group>"; };
		DAD2B6052ED4E3C5004B483D /* Date+Extension.swift */ = {isa = PBXFileReference; lastKnownFileType = sourcecode.swift; path = "Date+Extension.swift"; sourceTree = "<group>"; };
		DAD2B60B2ED5AD58004B483D /* String+Extension.swift */ = {isa = PBXFileReference; lastKnownFileType = sourcecode.swift; path = "String+Extension.swift"; sourceTree = "<group>"; };
		DAD2B6212ED60759004B483D /* CleanNotes.xcdatamodel */ = {isa = PBXFileReference; lastKnownFileType = wrapper.xcdatamodel; path = CleanNotes.xcdatamodel; sourceTree = "<group>"; };
		DAD2B6232ED6078A004B483D /* NoteEntity+CoreDataClass.swift */ = {isa = PBXFileReference; lastKnownFileType = sourcecode.swift; path = "NoteEntity+CoreDataClass.swift"; sourceTree = "<group>"; };
		DAD2B6242ED6078A004B483D /* NoteEntity+CoreDataProperties.swift */ = {isa = PBXFileReference; lastKnownFileType = sourcecode.swift; path = "NoteEntity+CoreDataProperties.swift"; sourceTree = "<group>"; };
/* End PBXFileReference section */

/* Begin PBXFrameworksBuildPhase section */
		81A3F7F82EA0F5CD00C29EC5 /* Frameworks */ = {
			isa = PBXFrameworksBuildPhase;
			buildActionMask = 2147483647;
			files = (
			);
			runOnlyForDeploymentPostprocessing = 0;
		};
/* End PBXFrameworksBuildPhase section */

/* Begin PBXGroup section */
		8182EF0B2EA10B120094235D /* Resource */ = {
			isa = PBXGroup;
			children = (
				81A3F80A2EA0F5CE00C29EC5 /* Assets.xcassets */,
				81A3F80C2EA0F5CE00C29EC5 /* LaunchScreen.storyboard */,
				81A3F80F2EA0F5CE00C29EC5 /* Info.plist */,
			);
			path = Resource;
			sourceTree = "<group>";
		};
		8182EF0D2EA10CB00094235D /* Helpers */ = {
			isa = PBXGroup;
			children = (
				8182EF0E2EA10CC30094235D /* Logger.swift */,
				81B331512EA8C5AA0061B160 /* Extension */,
			);
			path = Helpers;
			sourceTree = "<group>";
		};
		81A3F7F22EA0F5CD00C29EC5 = {
			isa = PBXGroup;
			children = (
				81A3F7FD2EA0F5CD00C29EC5 /* CleanNotes */,
				81A3F7FC2EA0F5CD00C29EC5 /* Products */,
			);
			sourceTree = "<group>";
		};
		81A3F7FC2EA0F5CD00C29EC5 /* Products */ = {
			isa = PBXGroup;
			children = (
				81A3F7FB2EA0F5CD00C29EC5 /* CleanNotes.app */,
			);
			name = Products;
			sourceTree = "<group>";
		};
		81A3F7FD2EA0F5CD00C29EC5 /* CleanNotes */ = {
			isa = PBXGroup;
			children = (
				81A3F8462EA1037100C29EC5 /* App */,
				81A3F8452EA1036A00C29EC5 /* Presentation */,
				81A3F8442EA1036700C29EC5 /* Domain */,
				81A3F8432EA1035F00C29EC5 /* Data */,
				8182EF0D2EA10CB00094235D /* Helpers */,
				8182EF0B2EA10B120094235D /* Resource */,
			);
			path = CleanNotes;
			sourceTree = "<group>";
		};
		81A3F8432EA1035F00C29EC5 /* Data */ = {
			isa = PBXGroup;
			children = (
				DA6C87BF2FE9974600702073 /* DTOs */,
				DA6C87C02FE9974F00702073 /* Mappers */,
				81A3F84E2EA1047300C29EC5 /* RepositoryImplementations */,
				81A3F84F2EA1048800C29EC5 /* Local */,
				81A3F8502EA104D900C29EC5 /* Remote */,
				81A3F8512EA105F600C29EC5 /* Persistence */,
			);
			path = Data;
			sourceTree = "<group>";
		};
		81A3F8442EA1036700C29EC5 /* Domain */ = {
			isa = PBXGroup;
			children = (
				81A3F84B2EA103DD00C29EC5 /* Entities */,
				81A3F84D2EA1040F00C29EC5 /* UseCases */,
				DA0E3D142EF2579200F1FA5D /* Repositories */,
			);
			path = Domain;
			sourceTree = "<group>";
		};
		81A3F8452EA1036A00C29EC5 /* Presentation */ = {
			isa = PBXGroup;
			children = (
				81A3F8472EA103A300C29EC5 /* ViewController */,
				81A3F8492EA103B200C29EC5 /* ViewModel */,
				81A3F84A2EA103BA00C29EC5 /* PresentationModel */,
				81A3F8482EA103AC00C29EC5 /* Views */,
			);
			path = Presentation;
			sourceTree = "<group>";
		};
		81A3F8462EA1037100C29EC5 /* App */ = {
			isa = PBXGroup;
			children = (
				81A3F8162EA0F60C00C29EC5 /* AppDelegate.swift */,
				81A3F8152EA0F60C00C29EC5 /* SceneDelegate.swift */,
				8133DA462EA3AAD500FA14FE /* AppCoordinator.swift */,
				81A3F8192EA0F61900C29EC5 /* Assembler.swift */,
				81D898782EAF5F1E003FE2C3 /* AssemblerContract.swift */,
			);
			path = App;
			sourceTree = "<group>";
		};
		81A3F8472EA103A300C29EC5 /* ViewController */ = {
			isa = PBXGroup;
			children = (
				81A3F8332EA0F66800C29EC5 /* NoteListViewController.swift */,
				81B331552EA8C6FE0061B160 /* NoteListViewController.xib */,
				81B3314D2EA8A9220061B160 /* NoteDetailViewController.swift */,
				81B3315D2EA8DB520061B160 /* NoteDetailViewController.xib */,
			);
			path = ViewController;
			sourceTree = "<group>";
		};
		81A3F8482EA103AC00C29EC5 /* Views */ = {
			isa = PBXGroup;
			children = (
				81B331582EA8C8390061B160 /* NoteTableViewCell.swift */,
				81B331592EA8C8390061B160 /* NoteTableViewCell.xib */,
			);
			path = Views;
			sourceTree = "<group>";
		};
		81A3F8492EA103B200C29EC5 /* ViewModel */ = {
			isa = PBXGroup;
			children = (
				81A3F8342EA0F66800C29EC5 /* NoteListViewModel.swift */,
				DA6C87D82FE99A1700702073 /* NoteListViewState.swift */,
				811917752EA9F86800F60816 /* NoteListViewModelContract.swift */,
				81457DC12EACA669008371C6 /* NoteDetailViewModel.swift */,
				DA6C87DA2FE99A3500702073 /* NoteDetailViewState.swift */,
				81457DBF2EACA62F008371C6 /* NoteDetailViewModelContract.swift */,
			);
			path = ViewModel;
			sourceTree = "<group>";
		};
		81A3F84A2EA103BA00C29EC5 /* PresentationModel */ = {
			isa = PBXGroup;
			children = (
				81A3F8412EA1020900C29EC5 /* NotePresentationModel.swift */,
			);
			path = PresentationModel;
			sourceTree = "<group>";
		};
		81A3F84B2EA103DD00C29EC5 /* Entities */ = {
			isa = PBXGroup;
			children = (
				81A3F8312EA0F65200C29EC5 /* Note.swift */,
			);
			path = Entities;
			sourceTree = "<group>";
		};
		81A3F84D2EA1040F00C29EC5 /* UseCases */ = {
			isa = PBXGroup;
			children = (
				81A3F8252EA0F63E00C29EC5 /* ParentUsecase.swift */,
				81A3F8262EA0F63E00C29EC5 /* GetNoteListUsecase.swift */,
				81457DBD2EACA07B008371C6 /* SaveNoteUsecase.swift */,
				81457DC52EACCB73008371C6 /* DeleteNoteUsecase.swift */,
			);
			path = UseCases;
			sourceTree = "<group>";
		};
		81A3F84E2EA1047300C29EC5 /* RepositoryImplementations */ = {
			isa = PBXGroup;
			children = (
				81A3F81B2EA0F62D00C29EC5 /* NoteRepository.swift */,
			);
			path = RepositoryImplementations;
			sourceTree = "<group>";
		};
		81A3F84F2EA1048800C29EC5 /* Local */ = {
			isa = PBXGroup;
			children = (
				81A3F81F2EA0F62D00C29EC5 /* NoteDatabaseService.swift */,
				81457DC72EACD06A008371C6 /* NoteDatabaseServiceContract.swift */,
			);
			path = Local;
			sourceTree = "<group>";
		};
		81A3F8502EA104D900C29EC5 /* Remote */ = {
			isa = PBXGroup;
			children = (
				81A3F81E2EA0F62D00C29EC5 /* NoteNetworkService.swift */,
				81457DC92EACD0A5008371C6 /* NoteNetworkServiceContract.swift */,
			);
			path = Remote;
			sourceTree = "<group>";
		};
		81A3F8512EA105F600C29EC5 /* Persistence */ = {
			isa = PBXGroup;
			children = (
				81A3F81C2EA0F62D00C29EC5 /* CoreDataService.swift */,
				DAD2B6232ED6078A004B483D /* NoteEntity+CoreDataClass.swift */,
				DAD2B6242ED6078A004B483D /* NoteEntity+CoreDataProperties.swift */,
				DAD2B6202ED60759004B483D /* CleanNotes.xcdatamodeld */,
			);
			path = Persistence;
			sourceTree = "<group>";
		};
		81B331512EA8C5AA0061B160 /* Extension */ = {
			isa = PBXGroup;
			children = (
				81B331522EA8C5C00061B160 /* UITableView+Extension.swift */,
				81B331622EA8F3240061B160 /* UITextView+Extension.swift */,
				DA15FC742ED6C1F600422DAD /* UIViewController+Extension.swift */,
				DAD2B6052ED4E3C5004B483D /* Date+Extension.swift */,
				DAD2B60B2ED5AD58004B483D /* String+Extension.swift */,
			);
			path = Extension;
			sourceTree = "<group>";
		};
		DA0E3D142EF2579200F1FA5D /* Repositories */ = {
			isa = PBXGroup;
			children = (
				DA0E3D122EF2543200F1FA5D /* NoteRepositoryContract.swift */,
			);
			path = Repositories;
			sourceTree = "<group>";
		};
		DA6C87BF2FE9974600702073 /* DTOs */ = {
			isa = PBXGroup;
			children = (
				DA6C87CD2FE997C300702073 /* Local */,
				DA6C87D02FE997C600702073 /* Remote */,
			);
			path = DTOs;
			sourceTree = "<group>";
		};
		DA6C87C02FE9974F00702073 /* Mappers */ = {
			isa = PBXGroup;
			children = (
				DA6C87D62FE997E800702073 /* NoteEntityMapper.swift */,
				DA6C87D42FE997E000702073 /* NoteLocalMapper.swift */,
				DA6C87D22FE997D700702073 /* NoteRemoteMapper.swift */,
			);
			path = Mappers;
			sourceTree = "<group>";
		};
		DA6C87CD2FE997C300702073 /* Local */ = {
			isa = PBXGroup;
			children = (
				DA6C87CC2FE997C300702073 /* NoteLocalDTO.swift */,
			);
			path = Local;
			sourceTree = "<group>";
		};
		DA6C87D02FE997C600702073 /* Remote */ = {
			isa = PBXGroup;
			children = (
				DA6C87CF2FE997C600702073 /* NoteRemoteDTO.swift */,
			);
			path = Remote;
			sourceTree = "<group>";
		};
/* End PBXGroup section */

/* Begin PBXNativeTarget section */
		81A3F7FA2EA0F5CD00C29EC5 /* CleanNotes */ = {
			isa = PBXNativeTarget;
			buildConfigurationList = 81A3F8122EA0F5CE00C29EC5 /* Build configuration list for PBXNativeTarget "CleanNotes" */;
			buildPhases = (
				81A3F7F72EA0F5CD00C29EC5 /* Sources */,
				81A3F7F82EA0F5CD00C29EC5 /* Frameworks */,
				81A3F7F92EA0F5CD00C29EC5 /* Resources */,
			);
			buildRules = (
			);
			dependencies = (
			);
			name = CleanNotes;
			productName = SystemDesginDemo_One;
			productReference = 81A3F7FB2EA0F5CD00C29EC5 /* CleanNotes.app */;
			productType = "com.apple.product-type.application";
		};
/* End PBXNativeTarget section */

/* Begin PBXProject section */
		81A3F7F32EA0F5CD00C29EC5 /* Project object */ = {
			isa = PBXProject;
			attributes = {
				BuildIndependentTargetsInParallel = 1;
				LastSwiftUpdateCheck = 1540;
				LastUpgradeCheck = 1540;
				TargetAttributes = {
					81A3F7FA2EA0F5CD00C29EC5 = {
						CreatedOnToolsVersion = 15.4;
						LastSwiftMigration = 1540;
					};
				};
			};
			buildConfigurationList = 81A3F7F62EA0F5CD00C29EC5 /* Build configuration list for PBXProject "CleanNotes" */;
			compatibilityVersion = "Xcode 14.0";
			developmentRegion = en;
			hasScannedForEncodings = 0;
			knownRegions = (
				en,
				Base,
			);
			mainGroup = 81A3F7F22EA0F5CD00C29EC5;
			productRefGroup = 81A3F7FC2EA0F5CD00C29EC5 /* Products */;
			projectDirPath = "";
			projectRoot = "";
			targets = (
				81A3F7FA2EA0F5CD00C29EC5 /* CleanNotes */,
			);
		};
/* End PBXProject section */

/* Begin PBXResourcesBuildPhase section */
		81A3F7F92EA0F5CD00C29EC5 /* Resources */ = {
			isa = PBXResourcesBuildPhase;
			buildActionMask = 2147483647;
			files = (
				81A3F80B2EA0F5CE00C29EC5 /* Assets.xcassets in Resources */,
				81B3315F2EA8DB520061B160 /* NoteDetailViewController.xib in Resources */,
				81A3F80E2EA0F5CE00C29EC5 /* Base in Resources */,
				81B331572EA8C6FE0061B160 /* NoteListViewController.xib in Resources */,
				81B3315B2EA8C8390061B160 /* NoteTableViewCell.xib in Resources */,
			);
			runOnlyForDeploymentPostprocessing = 0;
		};
/* End PBXResourcesBuildPhase section */

/* Begin PBXSourcesBuildPhase section */
		81A3F7F72EA0F5CD00C29EC5 /* Sources */ = {
			isa = PBXSourcesBuildPhase;
			buildActionMask = 2147483647;
			files = (
				DA15FC752ED6C1F600422DAD /* UIViewController+Extension.swift in Sources */,
				8182EF0F2EA10CC30094235D /* Logger.swift in Sources */,
				81A3F8422EA1020900C29EC5 /* NotePresentationModel.swift in Sources */,
				81457DC82EACD06A008371C6 /* NoteDatabaseServiceContract.swift in Sources */,
				81A3F8202EA0F62D00C29EC5 /* NoteRepository.swift in Sources */,
				81457DC62EACCB73008371C6 /* DeleteNoteUsecase.swift in Sources */,
				DA0E3D132EF2543200F1FA5D /* NoteRepositoryContract.swift in Sources */,
				81B3315A2EA8C8390061B160 /* NoteTableViewCell.swift in Sources */,
				81A3F8322EA0F65200C29EC5 /* Note.swift in Sources */,
				81A3F81A2EA0F61900C29EC5 /* Assembler.swift in Sources */,
				DA6C87D72FE997E800702073 /* NoteEntityMapper.swift in Sources */,
				DA6C87D92FE99A1700702073 /* NoteListViewState.swift in Sources */,
				DAD2B6252ED6078A004B483D /* NoteEntity+CoreDataClass.swift in Sources */,
				DAD2B6262ED6078A004B483D /* NoteEntity+CoreDataProperties.swift in Sources */,
				81B331632EA8F3240061B160 /* UITextView+Extension.swift in Sources */,
				81A3F8182EA0F60C00C29EC5 /* AppDelegate.swift in Sources */,
				81457DBE2EACA07B008371C6 /* SaveNoteUsecase.swift in Sources */,
				81A3F8212EA0F62D00C29EC5 /* CoreDataService.swift in Sources */,
				81A3F8372EA0F66800C29EC5 /* NoteListViewModel.swift in Sources */,
				DA6C87D12FE997C600702073 /* NoteRemoteDTO.swift in Sources */,
				811917762EA9F86800F60816 /* NoteListViewModelContract.swift in Sources */,
				81457DCA2EACD0A5008371C6 /* NoteNetworkServiceContract.swift in Sources */,
				81A3F8242EA0F62D00C29EC5 /* NoteDatabaseService.swift in Sources */,
				8133DA472EA3AAD500FA14FE /* AppCoordinator.swift in Sources */,
				81A3F82B2EA0F63E00C29EC5 /* ParentUsecase.swift in Sources */,
				81A3F82C2EA0F63E00C29EC5 /* GetNoteListUsecase.swift in Sources */,
				DA6C87D32FE997D700702073 /* NoteRemoteMapper.swift in Sources */,
				81457DC22EACA669008371C6 /* NoteDetailViewModel.swift in Sources */,
				DA6C87DB2FE99A3500702073 /* NoteDetailViewState.swift in Sources */,
				DA6C87CE2FE997C300702073 /* NoteLocalDTO.swift in Sources */,
				DAD2B6062ED4E3C5004B483D /* Date+Extension.swift in Sources */,
				DA6C87D52FE997E000702073 /* NoteLocalMapper.swift in Sources */,
				81457DC02EACA62F008371C6 /* NoteDetailViewModelContract.swift in Sources */,
				81A3F8232EA0F62D00C29EC5 /* NoteNetworkService.swift in Sources */,
				DAD2B60C2ED5AD58004B483D /* String+Extension.swift in Sources */,
				81B331532EA8C5C00061B160 /* UITableView+Extension.swift in Sources */,
				81D898792EAF5F1E003FE2C3 /* AssemblerContract.swift in Sources */,
				81A3F8362EA0F66800C29EC5 /* NoteListViewController.swift in Sources */,
				81A3F8172EA0F60C00C29EC5 /* SceneDelegate.swift in Sources */,
				81B3314E2EA8A9220061B160 /* NoteDetailViewController.swift in Sources */,
				DAD2B6222ED60759004B483D /* CleanNotes.xcdatamodeld in Sources */,
			);
			runOnlyForDeploymentPostprocessing = 0;
		};
/* End PBXSourcesBuildPhase section */

/* Begin PBXVariantGroup section */
		81A3F80C2EA0F5CE00C29EC5 /* LaunchScreen.storyboard */ = {
			isa = PBXVariantGroup;
			children = (
				81A3F80D2EA0F5CE00C29EC5 /* Base */,
			);
			name = LaunchScreen.storyboard;
			sourceTree = "<group>";
		};
/* End PBXVariantGroup section */

/* Begin XCBuildConfiguration section */
		81A3F8102EA0F5CE00C29EC5 /* Debug */ = {
			isa = XCBuildConfiguration;
			buildSettings = {
				ALWAYS_SEARCH_USER_PATHS = NO;
				ASSETCATALOG_COMPILER_GENERATE_SWIFT_ASSET_SYMBOL_EXTENSIONS = YES;
				CLANG_ANALYZER_NONNULL = YES;
				CLANG_ANALYZER_NUMBER_OBJECT_CONVERSION = YES_AGGRESSIVE;
				CLANG_CXX_LANGUAGE_STANDARD = "gnu++20";
				CLANG_ENABLE_MODULES = YES;
				CLANG_ENABLE_OBJC_ARC = YES;
				CLANG_ENABLE_OBJC_WEAK = YES;
				CLANG_WARN_BLOCK_CAPTURE_AUTORELEASING = YES;
				CLANG_WARN_BOOL_CONVERSION = YES;
				CLANG_WARN_COMMA = YES;
				CLANG_WARN_CONSTANT_CONVERSION = YES;
				CLANG_WARN_DEPRECATED_OBJC_IMPLEMENTATIONS = YES;
				CLANG_WARN_DIRECT_OBJC_ISA_USAGE = YES_ERROR;
				CLANG_WARN_DOCUMENTATION_COMMENTS = YES;
				CLANG_WARN_EMPTY_BODY = YES;
				CLANG_WARN_ENUM_CONVERSION = YES;
				CLANG_WARN_INFINITE_RECURSION = YES;
				CLANG_WARN_INT_CONVERSION = YES;
				CLANG_WARN_NON_LITERAL_NULL_CONVERSION = YES;
				CLANG_WARN_OBJC_IMPLICIT_RETAIN_SELF = YES;
				CLANG_WARN_OBJC_LITERAL_CONVERSION = YES;
				CLANG_WARN_OBJC_ROOT_CLASS = YES_ERROR;
				CLANG_WARN_QUOTED_INCLUDE_IN_FRAMEWORK_HEADER = YES;
				CLANG_WARN_RANGE_LOOP_ANALYSIS = YES;
				CLANG_WARN_STRICT_PROTOTYPES = YES;
				CLANG_WARN_SUSPICIOUS_MOVE = YES;
				CLANG_WARN_UNGUARDED_AVAILABILITY = YES_AGGRESSIVE;
				CLANG_WARN_UNREACHABLE_CODE = YES;
				CLANG_WARN__DUPLICATE_METHOD_MATCH = YES;
				COPY_PHASE_STRIP = NO;
				DEBUG_INFORMATION_FORMAT = dwarf;
				ENABLE_STRICT_OBJC_MSGSEND = YES;
				ENABLE_TESTABILITY = YES;
				ENABLE_USER_SCRIPT_SANDBOXING = YES;
				GCC_C_LANGUAGE_STANDARD = gnu17;
				GCC_DYNAMIC_NO_PIC = NO;
				GCC_NO_COMMON_BLOCKS = YES;
				GCC_OPTIMIZATION_LEVEL = 0;
				GCC_PREPROCESSOR_DEFINITIONS = (
					"DEBUG=1",
					"$(inherited)",
				);
				GCC_WARN_64_TO_32_BIT_CONVERSION = YES;
				GCC_WARN_ABOUT_RETURN_TYPE = YES_ERROR;
				GCC_WARN_UNDECLARED_SELECTOR = YES;
				GCC_WARN_UNINITIALIZED_AUTOS = YES_AGGRESSIVE;
				GCC_WARN_UNUSED_FUNCTION = YES;
				GCC_WARN_UNUSED_VARIABLE = YES;
				INFOPLIST_FILE = CleanNotes/Resource/Info.plist;
				"INFOPLIST_FILE[sdk=*]" = CleanNotes/Resource/Info.plist;
				IPHONEOS_DEPLOYMENT_TARGET = 17.5;
				LOCALIZATION_PREFERS_STRING_CATALOGS = YES;
				MTL_ENABLE_DEBUG_INFO = INCLUDE_SOURCE;
				MTL_FAST_MATH = YES;
				ONLY_ACTIVE_ARCH = YES;
				PRODUCT_NAME = CleanNotes;
				SDKROOT = iphoneos;
				SWIFT_ACTIVE_COMPILATION_CONDITIONS = "DEBUG $(inherited)";
				SWIFT_OPTIMIZATION_LEVEL = "-Onone";
			};
			name = Debug;
		};
		81A3F8112EA0F5CE00C29EC5 /* Release */ = {
			isa = XCBuildConfiguration;
			buildSettings = {
				ALWAYS_SEARCH_USER_PATHS = NO;
				ASSETCATALOG_COMPILER_GENERATE_SWIFT_ASSET_SYMBOL_EXTENSIONS = YES;
				CLANG_ANALYZER_NONNULL = YES;
				CLANG_ANALYZER_NUMBER_OBJECT_CONVERSION = YES_AGGRESSIVE;
				CLANG_CXX_LANGUAGE_STANDARD = "gnu++20";
				CLANG_ENABLE_MODULES = YES;
				CLANG_ENABLE_OBJC_ARC = YES;
				CLANG_ENABLE_OBJC_WEAK = YES;
				CLANG_WARN_BLOCK_CAPTURE_AUTORELEASING = YES;
				CLANG_WARN_BOOL_CONVERSION = YES;
				CLANG_WARN_COMMA = YES;
				CLANG_WARN_CONSTANT_CONVERSION = YES;
				CLANG_WARN_DEPRECATED_OBJC_IMPLEMENTATIONS = YES;
				CLANG_WARN_DIRECT_OBJC_ISA_USAGE = YES_ERROR;
				CLANG_WARN_DOCUMENTATION_COMMENTS = YES;
				CLANG_WARN_EMPTY_BODY = YES;
				CLANG_WARN_ENUM_CONVERSION = YES;
				CLANG_WARN_INFINITE_RECURSION = YES;
				CLANG_WARN_INT_CONVERSION = YES;
				CLANG_WARN_NON_LITERAL_NULL_CONVERSION = YES;
				CLANG_WARN_OBJC_IMPLICIT_RETAIN_SELF = YES;
				CLANG_WARN_OBJC_LITERAL_CONVERSION = YES;
				CLANG_WARN_OBJC_ROOT_CLASS = YES_ERROR;
				CLANG_WARN_QUOTED_INCLUDE_IN_FRAMEWORK_HEADER = YES;
				CLANG_WARN_RANGE_LOOP_ANALYSIS = YES;
				CLANG_WARN_STRICT_PROTOTYPES = YES;
				CLANG_WARN_SUSPICIOUS_MOVE = YES;
				CLANG_WARN_UNGUARDED_AVAILABILITY = YES_AGGRESSIVE;
				CLANG_WARN_UNREACHABLE_CODE = YES;
				CLANG_WARN__DUPLICATE_METHOD_MATCH = YES;
				COPY_PHASE_STRIP = NO;
				DEBUG_INFORMATION_FORMAT = "dwarf-with-dsym";
				ENABLE_NS_ASSERTIONS = NO;
				ENABLE_STRICT_OBJC_MSGSEND = YES;
				ENABLE_USER_SCRIPT_SANDBOXING = YES;
				GCC_C_LANGUAGE_STANDARD = gnu17;
				GCC_NO_COMMON_BLOCKS = YES;
				GCC_WARN_64_TO_32_BIT_CONVERSION = YES;
				GCC_WARN_ABOUT_RETURN_TYPE = YES_ERROR;
				GCC_WARN_UNDECLARED_SELECTOR = YES;
				GCC_WARN_UNINITIALIZED_AUTOS = YES_AGGRESSIVE;
				GCC_WARN_UNUSED_FUNCTION = YES;
				GCC_WARN_UNUSED_VARIABLE = YES;
				INFOPLIST_FILE = CleanNotes/Resource/Info.plist;
				"INFOPLIST_FILE[sdk=*]" = CleanNotes/Resource/Info.plist;
				IPHONEOS_DEPLOYMENT_TARGET = 17.5;
				LOCALIZATION_PREFERS_STRING_CATALOGS = YES;
				MTL_ENABLE_DEBUG_INFO = NO;
				MTL_FAST_MATH = YES;
				PRODUCT_NAME = CleanNotes;
				SDKROOT = iphoneos;
				SWIFT_COMPILATION_MODE = wholemodule;
				VALIDATE_PRODUCT = YES;
			};
			name = Release;
		};
		81A3F8132EA0F5CE00C29EC5 /* Debug */ = {
			isa = XCBuildConfiguration;
			buildSettings = {
				ASSETCATALOG_COMPILER_APPICON_NAME = AppIcon;
				ASSETCATALOG_COMPILER_GLOBAL_ACCENT_COLOR_NAME = AccentColor;
				CLANG_ENABLE_MODULES = YES;
				CODE_SIGN_STYLE = Automatic;
				CURRENT_PROJECT_VERSION = 1;
				GENERATE_INFOPLIST_FILE = YES;
				INFOPLIST_FILE = CleanNotes/Resource/Info.plist;
				"INFOPLIST_FILE[sdk=*]" = CleanNotes/Resource/Info.plist;
				INFOPLIST_KEY_UIApplicationSupportsIndirectInputEvents = YES;
				INFOPLIST_KEY_UILaunchStoryboardName = LaunchScreen;
				INFOPLIST_KEY_UISupportedInterfaceOrientations_iPad = "UIInterfaceOrientationPortrait UIInterfaceOrientationPortraitUpsideDown UIInterfaceOrientationLandscapeLeft UIInterfaceOrientationLandscapeRight";
				INFOPLIST_KEY_UISupportedInterfaceOrientations_iPhone = "UIInterfaceOrientationPortrait UIInterfaceOrientationLandscapeLeft UIInterfaceOrientationLandscapeRight";
				LD_RUNPATH_SEARCH_PATHS = (
					"$(inherited)",
					"@executable_path/Frameworks",
				);
				MARKETING_VERSION = 1.0;
				PRODUCT_BUNDLE_IDENTIFIER = iOSdev.CleanTodo;
				PRODUCT_NAME = "$(TARGET_NAME)";
				SWIFT_EMIT_LOC_STRINGS = YES;
				SWIFT_OPTIMIZATION_LEVEL = "-Onone";
				SWIFT_VERSION = 5.0;
				TARGETED_DEVICE_FAMILY = "1,2";
			};
			name = Debug;
		};
		81A3F8142EA0F5CE00C29EC5 /* Release */ = {
			isa = XCBuildConfiguration;
			buildSettings = {
				ASSETCATALOG_COMPILER_APPICON_NAME = AppIcon;
				ASSETCATALOG_COMPILER_GLOBAL_ACCENT_COLOR_NAME = AccentColor;
				CLANG_ENABLE_MODULES = YES;
				CODE_SIGN_STYLE = Automatic;
				CURRENT_PROJECT_VERSION = 1;
				GENERATE_INFOPLIST_FILE = YES;
				INFOPLIST_FILE = CleanNotes/Resource/Info.plist;
				"INFOPLIST_FILE[sdk=*]" = CleanNotes/Resource/Info.plist;
				INFOPLIST_KEY_UIApplicationSupportsIndirectInputEvents = YES;
				INFOPLIST_KEY_UILaunchStoryboardName = LaunchScreen;
				INFOPLIST_KEY_UISupportedInterfaceOrientations_iPad = "UIInterfaceOrientationPortrait UIInterfaceOrientationPortraitUpsideDown UIInterfaceOrientationLandscapeLeft UIInterfaceOrientationLandscapeRight";
				INFOPLIST_KEY_UISupportedInterfaceOrientations_iPhone = "UIInterfaceOrientationPortrait UIInterfaceOrientationLandscapeLeft UIInterfaceOrientationLandscapeRight";
				LD_RUNPATH_SEARCH_PATHS = (
					"$(inherited)",
					"@executable_path/Frameworks",
				);
				MARKETING_VERSION = 1.0;
				PRODUCT_BUNDLE_IDENTIFIER = iOSdev.CleanTodo;
				PRODUCT_NAME = "$(TARGET_NAME)";
				SWIFT_EMIT_LOC_STRINGS = YES;
				SWIFT_VERSION = 5.0;
				TARGETED_DEVICE_FAMILY = "1,2";
			};
			name = Release;
		};
/* End XCBuildConfiguration section */

/* Begin XCConfigurationList section */
		81A3F7F62EA0F5CD00C29EC5 /* Build configuration list for PBXProject "CleanNotes" */ = {
			isa = XCConfigurationList;
			buildConfigurations = (
				81A3F8102EA0F5CE00C29EC5 /* Debug */,
				81A3F8112EA0F5CE00C29EC5 /* Release */,
			);
			defaultConfigurationIsVisible = 0;
			defaultConfigurationName = Release;
		};
		81A3F8122EA0F5CE00C29EC5 /* Build configuration list for PBXNativeTarget "CleanNotes" */ = {
			isa = XCConfigurationList;
			buildConfigurations = (
				81A3F8132EA0F5CE00C29EC5 /* Debug */,
				81A3F8142EA0F5CE00C29EC5 /* Release */,
			);
			defaultConfigurationIsVisible = 0;
			defaultConfigurationName = Release;
		};
/* End XCConfigurationList section */

/* Begin XCVersionGroup section */
		DAD2B6202ED60759004B483D /* CleanNotes.xcdatamodeld */ = {
			isa = XCVersionGroup;
			children = (
				DAD2B6212ED60759004B483D /* CleanNotes.xcdatamodel */,
			);
			currentVersion = DAD2B6212ED60759004B483D /* CleanNotes.xcdatamodel */;
			path = CleanNotes.xcdatamodeld;
			sourceTree = "<group>";
			versionGroupType = wrapper.xcdatamodel;
		};
/* End XCVersionGroup section */
	};
	rootObject = 81A3F7F32EA0F5CD00C29EC5 /* Project object */;
}
